{
    "version": 3,
    "terraform_version": "0.11.8",
    "serial": 6,
    "lineage": "784bdbac-7c3e-4e35-2c31-d3ac2b7fbe4e",
    "modules": [
        {
            "path": [
                "root"
            ],
            "outputs": {},
            "resources": {
                "aws_instance.fabric1": {
                    "type": "aws_instance",
                    "depends_on": [
                        "aws_subnet.public_subnet_a"
                    ],
                    "primary": {
                        "id": "i-0555ae660df41522f",
                        "attributes": {
                            "ami": "ami-04169656fea786776",
                            "arn": "arn:aws:ec2:us-east-1:457670751372:instance/i-0555ae660df41522f",
                            "associate_public_ip_address": "true",
                            "availability_zone": "us-east-1a",
                            "cpu_core_count": "1",
                            "cpu_threads_per_core": "1",
                            "credit_specification.#": "1",
                            "credit_specification.0.cpu_credits": "standard",
                            "disable_api_termination": "false",
                            "ebs_block_device.#": "0",
                            "ebs_optimized": "false",
                            "ephemeral_block_device.#": "0",
                            "get_password_data": "false",
                            "iam_instance_profile": "",
                            "id": "i-0555ae660df41522f",
                            "instance_state": "running",
                            "instance_type": "t2.micro",
                            "ipv6_addresses.#": "0",
                            "key_name": "test",
                            "monitoring": "false",
                            "network_interface.#": "0",
                            "network_interface_id": "eni-0b0217ddc783d20ed",
                            "password_data": "",
                            "placement_group": "",
                            "primary_network_interface_id": "eni-0b0217ddc783d20ed",
                            "private_dns": "ip-10-0-0-211.ec2.internal",
                            "private_ip": "10.0.0.211",
                            "public_dns": "ec2-52-207-227-62.compute-1.amazonaws.com",
                            "public_ip": "52.207.227.62",
                            "root_block_device.#": "1",
                            "root_block_device.0.delete_on_termination": "true",
                            "root_block_device.0.iops": "100",
                            "root_block_device.0.volume_id": "vol-02ec437e386804150",
                            "root_block_device.0.volume_size": "8",
                            "root_block_device.0.volume_type": "gp2",
                            "security_groups.#": "0",
                            "source_dest_check": "true",
                            "subnet_id": "subnet-07cdd42a1ffb225f4",
                            "tags.%": "1",
                            "tags.Name": "hyperledger-fabric1",
                            "tenancy": "default",
                            "volume_tags.%": "0",
                            "vpc_security_group_ids.#": "1",
                            "vpc_security_group_ids.3371101629": "sg-0cb7a180eb27645ed"
                        },
                        "meta": {
                            "e2bfb730-ecaa-11e6-8f88-34363bc7c4c0": {
                                "create": 600000000000,
                                "delete": 1200000000000,
                                "update": 600000000000
                            },
                            "schema_version": "1"
                        },
                        "tainted": false
                    },
                    "deposed": [],
                    "provider": "provider.aws"
                },
                "aws_internet_gateway.internet_gateway": {
                    "type": "aws_internet_gateway",
                    "depends_on": [
                        "aws_vpc.vpc"
                    ],
                    "primary": {
                        "id": "igw-0b464b93244a87385",
                        "attributes": {
                            "id": "igw-0b464b93244a87385",
                            "tags.%": "0",
                            "vpc_id": "vpc-08b49ca7321f3444c"
                        },
                        "meta": {},
                        "tainted": false
                    },
                    "deposed": [],
                    "provider": "provider.aws"
                },
                "aws_route_table.public_routetable": {
                    "type": "aws_route_table",
                    "depends_on": [
                        "aws_internet_gateway.internet_gateway",
                        "aws_vpc.vpc"
                    ],
                    "primary": {
                        "id": "rtb-0ceada516cdc007a8",
                        "attributes": {
                            "id": "rtb-0ceada516cdc007a8",
                            "propagating_vgws.#": "0",
                            "route.#": "1",
                            "route.2772115043.cidr_block": "0.0.0.0/0",
                            "route.2772115043.egress_only_gateway_id": "",
                            "route.2772115043.gateway_id": "igw-0b464b93244a87385",
                            "route.2772115043.instance_id": "",
                            "route.2772115043.ipv6_cidr_block": "",
                            "route.2772115043.nat_gateway_id": "",
                            "route.2772115043.network_interface_id": "",
                            "route.2772115043.vpc_peering_connection_id": "",
                            "tags.%": "1",
                            "tags.label": "hyper-route-table",
                            "vpc_id": "vpc-08b49ca7321f3444c"
                        },
                        "meta": {},
                        "tainted": false
                    },
                    "deposed": [],
                    "provider": "provider.aws"
                },
                "aws_route_table_association.public_subnet_a": {
                    "type": "aws_route_table_association",
                    "depends_on": [
                        "aws_route_table.public_routetable",
                        "aws_subnet.public_subnet_a"
                    ],
                    "primary": {
                        "id": "rtbassoc-0c2151358fa746c83",
                        "attributes": {
                            "id": "rtbassoc-0c2151358fa746c83",
                            "route_table_id": "rtb-0ceada516cdc007a8",
                            "subnet_id": "subnet-07cdd42a1ffb225f4"
                        },
                        "meta": {},
                        "tainted": false
                    },
                    "deposed": [],
                    "provider": "provider.aws"
                },
                "aws_security_group.instance": {
                    "type": "aws_security_group",
                    "depends_on": [],
                    "primary": {
                        "id": "sg-0541535c8cad21642",
                        "attributes": {
                            "arn": "arn:aws:ec2:us-east-1:457670751372:security-group/sg-0541535c8cad21642",
                            "description": "Managed by Terraform",
                            "egress.#": "0",
                            "id": "sg-0541535c8cad21642",
                            "ingress.#": "1",
                            "ingress.516175195.cidr_blocks.#": "1",
                            "ingress.516175195.cidr_blocks.0": "0.0.0.0/0",
                            "ingress.516175195.description": "",
                            "ingress.516175195.from_port": "8080",
                            "ingress.516175195.ipv6_cidr_blocks.#": "0",
                            "ingress.516175195.protocol": "tcp",
                            "ingress.516175195.security_groups.#": "0",
                            "ingress.516175195.self": "false",
                            "ingress.516175195.to_port": "8080",
                            "name": "fabric-sg",
                            "owner_id": "457670751372",
                            "revoke_rules_on_delete": "false",
                            "tags.%": "0",
                            "vpc_id": "vpc-6d792e14"
                        },
                        "meta": {
                            "e2bfb730-ecaa-11e6-8f88-34363bc7c4c0": {
                                "create": 600000000000,
                                "delete": 600000000000
                            },
                            "schema_version": "1"
                        },
                        "tainted": false
                    },
                    "deposed": [],
                    "provider": "provider.aws"
                },
                "aws_subnet.private_subnet_a": {
                    "type": "aws_subnet",
                    "depends_on": [
                        "aws_vpc.vpc"
                    ],
                    "primary": {
                        "id": "subnet-0652dac78fa95d7b6",
                        "attributes": {
                            "arn": "arn:aws:ec2:us-east-1:457670751372:subnet/subnet-0652dac78fa95d7b6",
                            "assign_ipv6_address_on_creation": "false",
                            "availability_zone": "us-east-1a",
                            "cidr_block": "10.0.1.0/24",
                            "id": "subnet-0652dac78fa95d7b6",
                            "map_public_ip_on_launch": "false",
                            "tags.%": "1",
                            "tags.Name": "hyper-private-aws_subnet",
                            "vpc_id": "vpc-08b49ca7321f3444c"
                        },
                        "meta": {
                            "schema_version": "1"
                        },
                        "tainted": false
                    },
                    "deposed": [],
                    "provider": "provider.aws"
                },
                "aws_subnet.public_subnet_a": {
                    "type": "aws_subnet",
                    "depends_on": [
                        "aws_vpc.vpc"
                    ],
                    "primary": {
                        "id": "subnet-07cdd42a1ffb225f4",
                        "attributes": {
                            "arn": "arn:aws:ec2:us-east-1:457670751372:subnet/subnet-07cdd42a1ffb225f4",
                            "assign_ipv6_address_on_creation": "false",
                            "availability_zone": "us-east-1a",
                            "cidr_block": "10.0.0.0/24",
                            "id": "subnet-07cdd42a1ffb225f4",
                            "map_public_ip_on_launch": "true",
                            "tags.%": "1",
                            "tags.Name": "hyper-public-subnet",
                            "vpc_id": "vpc-08b49ca7321f3444c"
                        },
                        "meta": {
                            "schema_version": "1"
                        },
                        "tainted": false
                    },
                    "deposed": [],
                    "provider": "provider.aws"
                },
                "aws_vpc.vpc": {
                    "type": "aws_vpc",
                    "depends_on": [],
                    "primary": {
                        "id": "vpc-08b49ca7321f3444c",
                        "attributes": {
                            "arn": "arn:aws:ec2:us-east-1:457670751372:vpc/vpc-08b49ca7321f3444c",
                            "assign_generated_ipv6_cidr_block": "false",
                            "cidr_block": "10.0.0.0/16",
                            "default_network_acl_id": "acl-0b0ce89b9c78c35b7",
                            "default_route_table_id": "rtb-09907e137dde071c0",
                            "default_security_group_id": "sg-0cb7a180eb27645ed",
                            "dhcp_options_id": "dopt-a95166cf",
                            "enable_classiclink": "false",
                            "enable_classiclink_dns_support": "false",
                            "enable_dns_hostnames": "true",
                            "enable_dns_support": "true",
                            "id": "vpc-08b49ca7321f3444c",
                            "instance_tenancy": "default",
                            "main_route_table_id": "rtb-09907e137dde071c0",
                            "tags.%": "1",
                            "tags.Name": "hyper-vpc"
                        },
                        "meta": {
                            "schema_version": "1"
                        },
                        "tainted": false
                    },
                    "deposed": [],
                    "provider": "provider.aws"
                }
            },
            "depends_on": []
        }
    ]
}
